
Microsoft Visual Studio Solution File, Format Version 12.00
# Visual Studio 15
VisualStudioVersion = 15.0.27130.2036
MinimumVisualStudioVersion = 10.0.40219.1
Project("{FAE04EC0-301F-11D3-BF4B-00C04F79EFBC}") = "MahApps.Metro.BuildWarnings", "MahApps.Metro.BuildWarnings\MahApps.Metro.BuildWarnings.csproj", "{994440F5-1699-4C50-9D0D-B004C6163B4A}"
EndProject
Global
	GlobalSection(SolutionConfigurationPlatforms) = preSolution
		Debug|Any CPU = Debug|Any CPU
		Release|Any CPU = Release|Any CPU
	EndGlobalSection
	GlobalSection(ProjectConfigurationPlatforms) = postSolution
		{994440F5-1699-4C50-9D0D-B004C6163B4A}.Debug|Any CPU.ActiveCfg = Debug|Any CPU
		{994440F5-1699-4C50-9D0D-B004C6163B4A}.Debug|Any CPU.Build.0 = Debug|Any CPU
		{994440F5-1699-4C50-9D0D-B004C6163B4A}.Release|Any CPU.ActiveCfg = Release|Any CPU
		{994440F5-1699-4C50-9D0D-B004C6163B4A}.Release|Any CPU.Build.0 = Release|Any CPU
	EndGlobalSection
	GlobalSection(SolutionProperties) = preSolution
		HideSolutionNode = FALSE
	EndGlobalSection
	GlobalSection(ExtensibilityGlobals) = postSolution
		SolutionGuid = {4E30086F-2E60-4463-BA16-743284E3F4AD}
	EndGlobalSection
EndGlobal
